
Microsoft Visual Studio Solution File, Format Version 12.00
# Visual Studio Version 17
VisualStudioVersion = 17.7.34009.444
MinimumVisualStudioVersion = 10.0.40219.1
Project("{FAE04EC0-301F-11D3-BF4B-00C04F79EFBC}") = "CSTest01", "WindowsFormsApp1\CSTest01.csproj", "{BBA19134-E23E-4E31-A447-2BD7A150A2D3}"
EndProject
Project("{FAE04EC0-301F-11D3-BF4B-00C04F79EFBC}") = "ConsoleApp1", "ConsoleApp1\ConsoleApp1.csproj", "{2F1312D9-D292-4563-9487-CB2E454FA6EF}"
EndProject
Project("{FAE04EC0-301F-11D3-BF4B-00C04F79EFBC}") = "WinFormTest01-Base", "WindowsFormsApp2\WinFormTest01-Base.csproj", "{F9FF812E-D6FF-49AC-B6D0-45D71FA32691}"
EndProject
Global
	GlobalSection(SolutionConfigurationPlatforms) = preSolution
		Debug|Any CPU = Debug|Any CPU
		Release|Any CPU = Release|Any CPU
	EndGlobalSection
	GlobalSection(ProjectConfigurationPlatforms) = postSolution
		{BBA19134-E23E-4E31-A447-2BD7A150A2D3}.Debug|Any CPU.ActiveCfg = Debug|Any CPU
		{BBA19134-E23E-4E31-A447-2BD7A150A2D3}.Debug|Any CPU.Build.0 = Debug|Any CPU
		{BBA19134-E23E-4E31-A447-2BD7A150A2D3}.Release|Any CPU.ActiveCfg = Release|Any CPU
		{BBA19134-E23E-4E31-A447-2BD7A150A2D3}.Release|Any CPU.Build.0 = Release|Any CPU
		{2F1312D9-D292-4563-9487-CB2E454FA6EF}.Debug|Any CPU.ActiveCfg = Debug|Any CPU
		{2F1312D9-D292-4563-9487-CB2E454FA6EF}.Debug|Any CPU.Build.0 = Debug|Any CPU
		{2F1312D9-D292-4563-9487-CB2E454FA6EF}.Release|Any CPU.ActiveCfg = Release|Any CPU
		{2F1312D9-D292-4563-9487-CB2E454FA6EF}.Release|Any CPU.Build.0 = Release|Any CPU
		{F9FF812E-D6FF-49AC-B6D0-45D71FA32691}.Debug|Any CPU.ActiveCfg = Debug|Any CPU
		{F9FF812E-D6FF-49AC-B6D0-45D71FA32691}.Debug|Any CPU.Build.0 = Debug|Any CPU
		{F9FF812E-D6FF-49AC-B6D0-45D71FA32691}.Release|Any CPU.ActiveCfg = Release|Any CPU
		{F9FF812E-D6FF-49AC-B6D0-45D71FA32691}.Release|Any CPU.Build.0 = Release|Any CPU
	EndGlobalSection
	GlobalSection(SolutionProperties) = preSolution
		HideSolutionNode = FALSE
	EndGlobalSection
	GlobalSection(ExtensibilityGlobals) = postSolution
		SolutionGuid = {05D3FF7F-7C46-4E3B-8900-2EE1FE11EA3F}
	EndGlobalSection
EndGlobal
